
Microsoft Visual Studio Solution File, Format Version 12.00
# Visual Studio Version 17
VisualStudioVersion = 17.9.34728.123
MinimumVisualStudioVersion = 10.0.40219.1
Project("{2150E333-8FDC-42A3-9474-1A3956D46DE8}") = "tests", "tests", "{6D69D84D-E2B3-4707-BCAD-A067935EAE23}"
EndProject
Project("{2150E333-8FDC-42A3-9474-1A3956D46DE8}") = "src", "src", "{4990DA5A-97F0-4445-AD6C-361D9223F109}"
EndProject
Project("{9A19103F-16F7-4668-BE54-9A1E7A4F7556}") = "ProjetoAgendamento.Service.Application", "src\ProjetoAgendamento.Service.Application\ProjetoAgendamento.Service.Application.csproj", "{64AFFDCF-6EFA-4EFB-A35E-085C14782534}"
EndProject
Project("{9A19103F-16F7-4668-BE54-9A1E7A4F7556}") = "ProjetoAgendamento.Service.Core", "src\ProjetoAgendamento.Service.Core\ProjetoAgendamento.Service.Core.csproj", "{7F39867F-1F39-4EB4-9DBA-3878F7AE984C}"
EndProject
Project("{9A19103F-16F7-4668-BE54-9A1E7A4F7556}") = "ProjetoAgendamento.Service.Data", "src\ProjetoAgendamento.Service.Data\ProjetoAgendamento.Service.Data.csproj", "{5DD1241B-C0F6-4C78-9C93-64C86653420B}"
EndProject
Project("{9A19103F-16F7-4668-BE54-9A1E7A4F7556}") = "ProjetoAgendamento.Service.Domain", "src\ProjetoAgendamento.Service.Domain\ProjetoAgendamento.Service.Domain.csproj", "{57E5CC1B-91AE-4520-9851-39D44CCB6925}"
EndProject
Global
	GlobalSection(SolutionConfigurationPlatforms) = preSolution
		Debug|Any CPU = Debug|Any CPU
		Release|Any CPU = Release|Any CPU
	EndGlobalSection
	GlobalSection(ProjectConfigurationPlatforms) = postSolution
		{64AFFDCF-6EFA-4EFB-A35E-085C14782534}.Debug|Any CPU.ActiveCfg = Debug|Any CPU
		{64AFFDCF-6EFA-4EFB-A35E-085C14782534}.Debug|Any CPU.Build.0 = Debug|Any CPU
		{64AFFDCF-6EFA-4EFB-A35E-085C14782534}.Release|Any CPU.ActiveCfg = Release|Any CPU
		{64AFFDCF-6EFA-4EFB-A35E-085C14782534}.Release|Any CPU.Build.0 = Release|Any CPU
		{7F39867F-1F39-4EB4-9DBA-3878F7AE984C}.Debug|Any CPU.ActiveCfg = Debug|Any CPU
		{7F39867F-1F39-4EB4-9DBA-3878F7AE984C}.Debug|Any CPU.Build.0 = Debug|Any CPU
		{7F39867F-1F39-4EB4-9DBA-3878F7AE984C}.Release|Any CPU.ActiveCfg = Release|Any CPU
		{7F39867F-1F39-4EB4-9DBA-3878F7AE984C}.Release|Any CPU.Build.0 = Release|Any CPU
		{5DD1241B-C0F6-4C78-9C93-64C86653420B}.Debug|Any CPU.ActiveCfg = Debug|Any CPU
		{5DD1241B-C0F6-4C78-9C93-64C86653420B}.Debug|Any CPU.Build.0 = Debug|Any CPU
		{5DD1241B-C0F6-4C78-9C93-64C86653420B}.Release|Any CPU.ActiveCfg = Release|Any CPU
		{5DD1241B-C0F6-4C78-9C93-64C86653420B}.Release|Any CPU.Build.0 = Release|Any CPU
		{57E5CC1B-91AE-4520-9851-39D44CCB6925}.Debug|Any CPU.ActiveCfg = Debug|Any CPU
		{57E5CC1B-91AE-4520-9851-39D44CCB6925}.Debug|Any CPU.Build.0 = Debug|Any CPU
		{57E5CC1B-91AE-4520-9851-39D44CCB6925}.Release|Any CPU.ActiveCfg = Release|Any CPU
		{57E5CC1B-91AE-4520-9851-39D44CCB6925}.Release|Any CPU.Build.0 = Release|Any CPU
	EndGlobalSection
	GlobalSection(SolutionProperties) = preSolution
		HideSolutionNode = FALSE
	EndGlobalSection
	GlobalSection(NestedProjects) = preSolution
		{64AFFDCF-6EFA-4EFB-A35E-085C14782534} = {4990DA5A-97F0-4445-AD6C-361D9223F109}
		{7F39867F-1F39-4EB4-9DBA-3878F7AE984C} = {4990DA5A-97F0-4445-AD6C-361D9223F109}
		{5DD1241B-C0F6-4C78-9C93-64C86653420B} = {4990DA5A-97F0-4445-AD6C-361D9223F109}
		{57E5CC1B-91AE-4520-9851-39D44CCB6925} = {4990DA5A-97F0-4445-AD6C-361D9223F109}
	EndGlobalSection
	GlobalSection(ExtensibilityGlobals) = postSolution
		SolutionGuid = {ED808413-7E2D-4C29-9978-E5349D203D23}
	EndGlobalSection
EndGlobal
